
Microsoft Visual Studio Solution File, Format Version 12.00
# Visual Studio Version 17
VisualStudioVersion = 17.1.32421.90
MinimumVisualStudioVersion = 10.0.40219.1
Project("{FAE04EC0-301F-11D3-BF4B-00C04F79EFBC}") = "WebApplication3", "WebApplication3\WebApplication3.csproj", "{ECA86C48-582F-4B36-AE41-131D2E06EF1F}"
EndProject
Global
	GlobalSection(SolutionConfigurationPlatforms) = preSolution
		Debug|Any CPU = Debug|Any CPU
		Release|Any CPU = Release|Any CPU
	EndGlobalSection
	GlobalSection(ProjectConfigurationPlatforms) = postSolution
		{ECA86C48-582F-4B36-AE41-131D2E06EF1F}.Debug|Any CPU.ActiveCfg = Debug|Any CPU
		{ECA86C48-582F-4B36-AE41-131D2E06EF1F}.Debug|Any CPU.Build.0 = Debug|Any CPU
		{ECA86C48-582F-4B36-AE41-131D2E06EF1F}.Release|Any CPU.ActiveCfg = Release|Any CPU
		{ECA86C48-582F-4B36-AE41-131D2E06EF1F}.Release|Any CPU.Build.0 = Release|Any CPU
	EndGlobalSection
	GlobalSection(SolutionProperties) = preSolution
		HideSolutionNode = FALSE
	EndGlobalSection
	GlobalSection(ExtensibilityGlobals) = postSolution
		SolutionGuid = {F9004DCA-5891-478B-8D2A-E44737D62B3C}
	EndGlobalSection
EndGlobal
